// !$*UTF8*$!
{
	archiveVersion = 1;
	classes = {
	};
	objectVersion = 55;
	objects = {

/* Begin PBXBuildFile section */
		DC6D37A728AE16F9003EF187 /* diceApp.swift in Sources */ = {isa = PBXBuildFile; fileRef = DC6D37A628AE16F9003EF187 /* diceApp.swift */; };
		DC6D37A928AE16F9003EF187 /* HomeView.swift in Sources */ = {isa = PBXBuildFile; fileRef = DC6D37A828AE16F9003EF187 /* HomeView.swift */; };
		DC6D37AB28AE16FE003EF187 /* Assets.xcassets in Resources */ = {isa = PBXBuildFile; fileRef = DC6D37AA28AE16FE003EF187 /* Assets.xcassets */; };
		DC6D37AE28AE16FE003EF187 /* Preview Assets.xcassets in Resources */ = {isa = PBXBuildFile; fileRef = DC6D37AD28AE16FE003EF187 /* Preview Assets.xcassets */; };
		DC6D37B828AE16FE003EF187 /* diceTests.swift in Sources */ = {isa = PBXBuildFile; fileRef = DC6D37B728AE16FE003EF187 /* diceTests.swift */; };
		DC6D37C228AE16FE003EF187 /* diceUITests.swift in Sources */ = {isa = PBXBuildFile; fileRef = DC6D37C128AE16FE003EF187 /* diceUITests.swift */; };
		DC6D37C428AE16FE003EF187 /* diceUITestsLaunchTests.swift in Sources */ = {isa = PBXBuildFile; fileRef = DC6D37C328AE16FE003EF187 /* diceUITestsLaunchTests.swift */; };
		DC6D37D728AE679A003EF187 /* InteractiveDiceView.swift in Sources */ = {isa = PBXBuildFile; fileRef = DC6D37D628AE679A003EF187 /* InteractiveDiceView.swift */; };
		DC6D37D928AE723E003EF187 /* Color.swift in Sources */ = {isa = PBXBuildFile; fileRef = DC6D37D828AE723E003EF187 /* Color.swift */; };
		DC6D37DC28B0C6BF003EF187 /* YahtzeeView.swift in Sources */ = {isa = PBXBuildFile; fileRef = DC6D37DB28B0C6BF003EF187 /* YahtzeeView.swift */; };
		DCA2B14C28BD8D85008145C9 /* WelcomeView.swift in Sources */ = {isa = PBXBuildFile; fileRef = DCA2B14B28BD8D85008145C9 /* WelcomeView.swift */; };
/* End PBXBuildFile section */

/* Begin PBXContainerItemProxy section */
		DC6D37B428AE16FE003EF187 /* PBXContainerItemProxy */ = {
			isa = PBXContainerItemProxy;
			containerPortal = DC6D379B28AE16F9003EF187 /* Project object */;
			proxyType = 1;
			remoteGlobalIDString = DC6D37A228AE16F9003EF187;
			remoteInfo = dice;
		};
		DC6D37BE28AE16FE003EF187 /* PBXContainerItemProxy */ = {
			isa = PBXContainerItemProxy;
			containerPortal = DC6D379B28AE16F9003EF187 /* Project object */;
			proxyType = 1;
			remoteGlobalIDString = DC6D37A228AE16F9003EF187;
			remoteInfo = dice;
		};
/* End PBXContainerItemProxy section */

/* Begin PBXFileReference section */
		DC6D37A328AE16F9003EF187 /* dice.app */ = {isa = PBXFileReference; explicitFileType = wrapper.application; includeInIndex = 0; path = dice.app; sourceTree = BUILT_PRODUCTS_DIR; };
		DC6D37A628AE16F9003EF187 /* diceApp.swift */ = {isa = PBXFileReference; lastKnownFileType = sourcecode.swift; path = diceApp.swift; sourceTree = "<group>"; };
		DC6D37A828AE16F9003EF187 /* HomeView.swift */ = {isa = PBXFileReference; lastKnownFileType = sourcecode.swift; path = HomeView.swift; sourceTree = "<group>"; };
		DC6D37AA28AE16FE003EF187 /* Assets.xcassets */ = {isa = PBXFileReference; lastKnownFileType = folder.assetcatalog; path = Assets.xcassets; sourceTree = "<group>"; };
		DC6D37AD28AE16FE003EF187 /* Preview Assets.xcassets */ = {isa = PBXFileReference; lastKnownFileType = folder.assetcatalog; path = "Preview Assets.xcassets"; sourceTree = "<group>"; };
		DC6D37B328AE16FE003EF187 /* diceTests.xctest */ = {isa = PBXFileReference; explicitFileType = wrapper.cfbundle; includeInIndex = 0; path = diceTests.xctest; sourceTree = BUILT_PRODUCTS_DIR; };
		DC6D37B728AE16FE003EF187 /* diceTests.swift */ = {isa = PBXFileReference; lastKnownFileType = sourcecode.swift; path = diceTests.swift; sourceTree = "<group>"; };
		DC6D37BD28AE16FE003EF187 /* diceUITests.xctest */ = {isa = PBXFileReference; explicitFileType = wrapper.cfbundle; includeInIndex = 0; path = diceUITests.xctest; sourceTree = BUILT_PRODUCTS_DIR; };
		DC6D37C128AE16FE003EF187 /* diceUITests.swift */ = {isa = PBXFileReference; lastKnownFileType = sourcecode.swift; path = diceUITests.swift; sourceTree = "<group>"; };
		DC6D37C328AE16FE003EF187 /* diceUITestsLaunchTests.swift */ = {isa = PBXFileReference; lastKnownFileType = sourcecode.swift; path = diceUITestsLaunchTests.swift; sourceTree = "<group>"; };
		DC6D37D628AE679A003EF187 /* InteractiveDiceView.swift */ = {isa = PBXFileReference; lastKnownFileType = sourcecode.swift; path = InteractiveDiceView.swift; sourceTree = "<group>"; };
		DC6D37D828AE723E003EF187 /* Color.swift */ = {isa = PBXFileReference; lastKnownFileType = sourcecode.swift; path = Color.swift; sourceTree = "<group>"; };
		DC6D37DB28B0C6BF003EF187 /* YahtzeeView.swift */ = {isa = PBXFileReference; lastKnownFileType = sourcecode.swift; path = YahtzeeView.swift; sourceTree = "<group>"; };
		DCA2B14B28BD8D85008145C9 /* WelcomeView.swift */ = {isa = PBXFileReference; lastKnownFileType = sourcecode.swift; path = WelcomeView.swift; sourceTree = "<group>"; };
/* End PBXFileReference section */

/* Begin PBXFrameworksBuildPhase section */
		DC6D37A028AE16F9003EF187 /* Frameworks */ = {
			isa = PBXFrameworksBuildPhase;
			buildActionMask = 2147483647;
			files = (
			);
			runOnlyForDeploymentPostprocessing = 0;
		};
		DC6D37B028AE16FE003EF187 /* Frameworks */ = {
			isa = PBXFrameworksBuildPhase;
			buildActionMask = 2147483647;
			files = (
			);
			runOnlyForDeploymentPostprocessing = 0;
		};
		DC6D37BA28AE16FE003EF187 /* Frameworks */ = {
			isa = PBXFrameworksBuildPhase;
			buildActionMask = 2147483647;
			files = (
			);
			runOnlyForDeploymentPostprocessing = 0;
		};
/* End PBXFrameworksBuildPhase section */

/* Begin PBXGroup section */
		DC6D379A28AE16F9003EF187 = {
			isa = PBXGroup;
			children = (
				DC6D37A528AE16F9003EF187 /* dice */,
				DC6D37B628AE16FE003EF187 /* diceTests */,
				DC6D37C028AE16FE003EF187 /* diceUITests */,
				DC6D37A428AE16F9003EF187 /* Products */,
			);
			sourceTree = "<group>";
		};
		DC6D37A428AE16F9003EF187 /* Products */ = {
			isa = PBXGroup;
			children = (
				DC6D37A328AE16F9003EF187 /* dice.app */,
				DC6D37B328AE16FE003EF187 /* diceTests.xctest */,
				DC6D37BD28AE16FE003EF187 /* diceUITests.xctest */,
			);
			name = Products;
			sourceTree = "<group>";
		};
		DC6D37A528AE16F9003EF187 /* dice */ = {
			isa = PBXGroup;
			children = (
				DC6D37A628AE16F9003EF187 /* diceApp.swift */,
				DCA2B14B28BD8D85008145C9 /* WelcomeView.swift */,
				DC6D37A828AE16F9003EF187 /* HomeView.swift */,
				DC6D37D628AE679A003EF187 /* InteractiveDiceView.swift */,
				DC6D37DB28B0C6BF003EF187 /* YahtzeeView.swift */,
				DC6D37DA28AE7244003EF187 /* Extensions */,
				DC6D37AA28AE16FE003EF187 /* Assets.xcassets */,
				DC6D37AC28AE16FE003EF187 /* Preview Content */,
			);
			path = dice;
			sourceTree = "<group>";
		};
		DC6D37AC28AE16FE003EF187 /* Preview Content */ = {
			isa = PBXGroup;
			children = (
				DC6D37AD28AE16FE003EF187 /* Preview Assets.xcassets */,
			);
			path = "Preview Content";
			sourceTree = "<group>";
		};
		DC6D37B628AE16FE003EF187 /* diceTests */ = {
			isa = PBXGroup;
			children = (
				DC6D37B728AE16FE003EF187 /* diceTests.swift */,
			);
			path = diceTests;
			sourceTree = "<group>";
		};
		DC6D37C028AE16FE003EF187 /* diceUITests */ = {
			isa = PBXGroup;
			children = (
				DC6D37C128AE16FE003EF187 /* diceUITests.swift */,
				DC6D37C328AE16FE003EF187 /* diceUITestsLaunchTests.swift */,
			);
			path = diceUITests;
			sourceTree = "<group>";
		};
		DC6D37DA28AE7244003EF187 /* Extensions */ = {
			isa = PBXGroup;
			children = (
				DC6D37D828AE723E003EF187 /* Color.swift */,
			);
			path = Extensions;
			sourceTree = "<group>";
		};
/* End PBXGroup section */

/* Begin PBXNativeTarget section */
		DC6D37A228AE16F9003EF187 /* dice */ = {
			isa = PBXNativeTarget;
			buildConfigurationList = DC6D37C728AE16FF003EF187 /* Build configuration list for PBXNativeTarget "dice" */;
			buildPhases = (
				DC6D379F28AE16F9003EF187 /* Sources */,
				DC6D37A028AE16F9003EF187 /* Frameworks */,
				DC6D37A128AE16F9003EF187 /* Resources */,
			);
			buildRules = (
			);
			dependencies = (
			);
			name = dice;
			productName = dice;
			productReference = DC6D37A328AE16F9003EF187 /* dice.app */;
			productType = "com.apple.product-type.application";
		};
		DC6D37B228AE16FE003EF187 /* diceTests */ = {
			isa = PBXNativeTarget;
			buildConfigurationList = DC6D37CA28AE16FF003EF187 /* Build configuration list for PBXNativeTarget "diceTests" */;
			buildPhases = (
				DC6D37AF28AE16FE003EF187 /* Sources */,
				DC6D37B028AE16FE003EF187 /* Frameworks */,
				DC6D37B128AE16FE003EF187 /* Resources */,
			);
			buildRules = (
			);
			dependencies = (
				DC6D37B528AE16FE003EF187 /* PBXTargetDependency */,
			);
			name = diceTests;
			productName = diceTests;
			productReference = DC6D37B328AE16FE003EF187 /* diceTests.xctest */;
			productType = "com.apple.product-type.bundle.unit-test";
		};
		DC6D37BC28AE16FE003EF187 /* diceUITests */ = {
			isa = PBXNativeTarget;
			buildConfigurationList = DC6D37CD28AE16FF003EF187 /* Build configuration list for PBXNativeTarget "diceUITests" */;
			buildPhases = (
				DC6D37B928AE16FE003EF187 /* Sources */,
				DC6D37BA28AE16FE003EF187 /* Frameworks */,
				DC6D37BB28AE16FE003EF187 /* Resources */,
			);
			buildRules = (
			);
			dependencies = (
				DC6D37BF28AE16FE003EF187 /* PBXTargetDependency */,
			);
			name = diceUITests;
			productName = diceUITests;
			productReference = DC6D37BD28AE16FE003EF187 /* diceUITests.xctest */;
			productType = "com.apple.product-type.bundle.ui-testing";
		};
/* End PBXNativeTarget section */

/* Begin PBXProject section */
		DC6D379B28AE16F9003EF187 /* Project object */ = {
			isa = PBXProject;
			attributes = {
				BuildIndependentTargetsInParallel = 1;
				LastSwiftUpdateCheck = 1340;
				LastUpgradeCheck = 1340;
				TargetAttributes = {
					DC6D37A228AE16F9003EF187 = {
						CreatedOnToolsVersion = 13.4.1;
					};
					DC6D37B228AE16FE003EF187 = {
						CreatedOnToolsVersion = 13.4.1;
						TestTargetID = DC6D37A228AE16F9003EF187;
					};
					DC6D37BC28AE16FE003EF187 = {
						CreatedOnToolsVersion = 13.4.1;
						TestTargetID = DC6D37A228AE16F9003EF187;
					};
				};
			};
			buildConfigurationList = DC6D379E28AE16F9003EF187 /* Build configuration list for PBXProject "dice" */;
			compatibilityVersion = "Xcode 13.0";
			developmentRegion = en;
			hasScannedForEncodings = 0;
			knownRegions = (
				en,
				Base,
			);
			mainGroup = DC6D379A28AE16F9003EF187;
			productRefGroup = DC6D37A428AE16F9003EF187 /* Products */;
			projectDirPath = "";
			projectRoot = "";
			targets = (
				DC6D37A228AE16F9003EF187 /* dice */,
				DC6D37B228AE16FE003EF187 /* diceTests */,
				DC6D37BC28AE16FE003EF187 /* diceUITests */,
			);
		};
/* End PBXProject section */

/* Begin PBXResourcesBuildPhase section */
		DC6D37A128AE16F9003EF187 /* Resources */ = {
			isa = PBXResourcesBuildPhase;
			buildActionMask = 2147483647;
			files = (
				DC6D37AE28AE16FE003EF187 /* Preview Assets.xcassets in Resources */,
				DC6D37AB28AE16FE003EF187 /* Assets.xcassets in Resources */,
			);
			runOnlyForDeploymentPostprocessing = 0;
		};
		DC6D37B128AE16FE003EF187 /* Resources */ = {
			isa = PBXResourcesBuildPhase;
			buildActionMask = 2147483647;
			files = (
			);
			runOnlyForDeploymentPostprocessing = 0;
		};
		DC6D37BB28AE16FE003EF187 /* Resources */ = {
			isa = PBXResourcesBuildPhase;
			buildActionMask = 2147483647;
			files = (
			);
			runOnlyForDeploymentPostprocessing = 0;
		};
/* End PBXResourcesBuildPhase section */

/* Begin PBXSourcesBuildPhase section */
		DC6D379F28AE16F9003EF187 /* Sources */ = {
			isa = PBXSourcesBuildPhase;
			buildActionMask = 2147483647;
			files = (
				DC6D37A928AE16F9003EF187 /* HomeView.swift in Sources */,
				DCA2B14C28BD8D85008145C9 /* WelcomeView.swift in Sources */,
				DC6D37D928AE723E003EF187 /* Color.swift in Sources */,
				DC6D37D728AE679A003EF187 /* InteractiveDiceView.swift in Sources */,
				DC6D37DC28B0C6BF003EF187 /* YahtzeeView.swift in Sources */,
				DC6D37A728AE16F9003EF187 /* diceApp.swift in Sources */,
			);
			runOnlyForDeploymentPostprocessing = 0;
		};
		DC6D37AF28AE16FE003EF187 /* Sources */ = {
			isa = PBXSourcesBuildPhase;
			buildActionMask = 2147483647;
			files = (
				DC6D37B828AE16FE003EF187 /* diceTests.swift in Sources */,
			);
			runOnlyForDeploymentPostprocessing = 0;
		};
		DC6D37B928AE16FE003EF187 /* Sources */ = {
			isa = PBXSourcesBuildPhase;
			buildActionMask = 2147483647;
			files = (
				DC6D37C228AE16FE003EF187 /* diceUITests.swift in Sources */,
				DC6D37C428AE16FE003EF187 /* diceUITestsLaunchTests.swift in Sources */,
			);
			runOnlyForDeploymentPostprocessing = 0;
		};
/* End PBXSourcesBuildPhase section */

/* Begin PBXTargetDependency section */
		DC6D37B528AE16FE003EF187 /* PBXTargetDependency */ = {
			isa = PBXTargetDependency;
			target = DC6D37A228AE16F9003EF187 /* dice */;
			targetProxy = DC6D37B428AE16FE003EF187 /* PBXContainerItemProxy */;
		};
		DC6D37BF28AE16FE003EF187 /* PBXTargetDependency */ = {
			isa = PBXTargetDependency;
			target = DC6D37A228AE16F9003EF187 /* dice */;
			targetProxy = DC6D37BE28AE16FE003EF187 /* PBXContainerItemProxy */;
		};
/* End PBXTargetDependency section */

/* Begin XCBuildConfiguration section */
		DC6D37C528AE16FE003EF187 /* Debug */ = {
			isa = XCBuildConfiguration;
			buildSettings = {
				ALWAYS_SEARCH_USER_PATHS = NO;
				CLANG_ANALYZER_NONNULL = YES;
				CLANG_ANALYZER_NUMBER_OBJECT_CONVERSION = YES_AGGRESSIVE;
				CLANG_CXX_LANGUAGE_STANDARD = "gnu++17";
				CLANG_ENABLE_MODULES = YES;
				CLANG_ENABLE_OBJC_ARC = YES;
				CLANG_ENABLE_OBJC_WEAK = YES;
				CLANG_WARN_BLOCK_CAPTURE_AUTORELEASING = YES;
				CLANG_WARN_BOOL_CONVERSION = YES;
				CLANG_WARN_COMMA = YES;
				CLANG_WARN_CONSTANT_CONVERSION = YES;
				CLANG_WARN_DEPRECATED_OBJC_IMPLEMENTATIONS = YES;
				CLANG_WARN_DIRECT_OBJC_ISA_USAGE = YES_ERROR;
				CLANG_WARN_DOCUMENTATION_COMMENTS = YES;
				CLANG_WARN_EMPTY_BODY = YES;
				CLANG_WARN_ENUM_CONVERSION = YES;
				CLANG_WARN_INFINITE_RECURSION = YES;
				CLANG_WARN_INT_CONVERSION = YES;
				CLANG_WARN_NON_LITERAL_NULL_CONVERSION = YES;
				CLANG_WARN_OBJC_IMPLICIT_RETAIN_SELF = YES;
				CLANG_WARN_OBJC_LITERAL_CONVERSION = YES;
				CLANG_WARN_OBJC_ROOT_CLASS = YES_ERROR;
				CLANG_WARN_QUOTED_INCLUDE_IN_FRAMEWORK_HEADER = YES;
				CLANG_WARN_RANGE_LOOP_ANALYSIS = YES;
				CLANG_WARN_STRICT_PROTOTYPES = YES;
				CLANG_WARN_SUSPICIOUS_MOVE = YES;
				CLANG_WARN_UNGUARDED_AVAILABILITY = YES_AGGRESSIVE;
				CLANG_WARN_UNREACHABLE_CODE = YES;
				CLANG_WARN__DUPLICATE_METHOD_MATCH = YES;
				COPY_PHASE_STRIP = NO;
				DEBUG_INFORMATION_FORMAT = dwarf;
				ENABLE_STRICT_OBJC_MSGSEND = YES;
				ENABLE_TESTABILITY = YES;
				GCC_C_LANGUAGE_STANDARD = gnu11;
				GCC_DYNAMIC_NO_PIC = NO;
				GCC_NO_COMMON_BLOCKS = YES;
				GCC_OPTIMIZATION_LEVEL = 0;
				GCC_PREPROCESSOR_DEFINITIONS = (
					"DEBUG=1",
					"$(inherited)",
				);
				GCC_WARN_64_TO_32_BIT_CONVERSION = YES;
				GCC_WARN_ABOUT_RETURN_TYPE = YES_ERROR;
				GCC_WARN_UNDECLARED_SELECTOR = YES;
				GCC_WARN_UNINITIALIZED_AUTOS = YES_AGGRESSIVE;
				GCC_WARN_UNUSED_FUNCTION = YES;
				GCC_WARN_UNUSED_VARIABLE = YES;
				IPHONEOS_DEPLOYMENT_TARGET = 15.5;
				MTL_ENABLE_DEBUG_INFO = INCLUDE_SOURCE;
				MTL_FAST_MATH = YES;
				ONLY_ACTIVE_ARCH = YES;
				SDKROOT = iphoneos;
				SWIFT_ACTIVE_COMPILATION_CONDITIONS = DEBUG;
				SWIFT_OPTIMIZATION_LEVEL = "-Onone";
			};
			name = Debug;
		};
		DC6D37C628AE16FE003EF187 /* Release */ = {
			isa = XCBuildConfiguration;
			buildSettings = {
				ALWAYS_SEARCH_USER_PATHS = NO;
				CLANG_ANALYZER_NONNULL = YES;
				CLANG_ANALYZER_NUMBER_OBJECT_CONVERSION = YES_AGGRESSIVE;
				CLANG_CXX_LANGUAGE_STANDARD = "gnu++17";
				CLANG_ENABLE_MODULES = YES;
				CLANG_ENABLE_OBJC_ARC = YES;
				CLANG_ENABLE_OBJC_WEAK = YES;
				CLANG_WARN_BLOCK_CAPTURE_AUTORELEASING = YES;
				CLANG_WARN_BOOL_CONVERSION = YES;
				CLANG_WARN_COMMA = YES;
				CLANG_WARN_CONSTANT_CONVERSION = YES;
				CLANG_WARN_DEPRECATED_OBJC_IMPLEMENTATIONS = YES;
				CLANG_WARN_DIRECT_OBJC_ISA_USAGE = YES_ERROR;
				CLANG_WARN_DOCUMENTATION_COMMENTS = YES;
				CLANG_WARN_EMPTY_BODY = YES;
				CLANG_WARN_ENUM_CONVERSION = YES;
				CLANG_WARN_INFINITE_RECURSION = YES;
				CLANG_WARN_INT_CONVERSION = YES;
				CLANG_WARN_NON_LITERAL_NULL_CONVERSION = YES;
				CLANG_WARN_OBJC_IMPLICIT_RETAIN_SELF = YES;
				CLANG_WARN_OBJC_LITERAL_CONVERSION = YES;
				CLANG_WARN_OBJC_ROOT_CLASS = YES_ERROR;
				CLANG_WARN_QUOTED_INCLUDE_IN_FRAMEWORK_HEADER = YES;
				CLANG_WARN_RANGE_LOOP_ANALYSIS = YES;
				CLANG_WARN_STRICT_PROTOTYPES = YES;
				CLANG_WARN_SUSPICIOUS_MOVE = YES;
				CLANG_WARN_UNGUARDED_AVAILABILITY = YES_AGGRESSIVE;
				CLANG_WARN_UNREACHABLE_CODE = YES;
				CLANG_WARN__DUPLICATE_METHOD_MATCH = YES;
				COPY_PHASE_STRIP = NO;
				DEBUG_INFORMATION_FORMAT = "dwarf-with-dsym";
				ENABLE_NS_ASSERTIONS = NO;
				ENABLE_STRICT_OBJC_MSGSEND = YES;
				GCC_C_LANGUAGE_STANDARD = gnu11;
				GCC_NO_COMMON_BLOCKS = YES;
				GCC_WARN_64_TO_32_BIT_CONVERSION = YES;
				GCC_WARN_ABOUT_RETURN_TYPE = YES_ERROR;
				GCC_WARN_UNDECLARED_SELECTOR = YES;
				GCC_WARN_UNINITIALIZED_AUTOS = YES_AGGRESSIVE;
				GCC_WARN_UNUSED_FUNCTION = YES;
				GCC_WARN_UNUSED_VARIABLE = YES;
				IPHONEOS_DEPLOYMENT_TARGET = 15.5;
				MTL_ENABLE_DEBUG_INFO = NO;
				MTL_FAST_MATH = YES;
				SDKROOT = iphoneos;
				SWIFT_COMPILATION_MODE = wholemodule;
				SWIFT_OPTIMIZATION_LEVEL = "-O";
				VALIDATE_PRODUCT = YES;
			};
			name = Release;
		};
		DC6D37C828AE16FF003EF187 /* Debug */ = {
			isa = XCBuildConfiguration;
			buildSettings = {
				ASSETCATALOG_COMPILER_APPICON_NAME = AppIcon;
				ASSETCATALOG_COMPILER_GLOBAL_ACCENT_COLOR_NAME = AccentColor;
				CODE_SIGN_STYLE = Automatic;
				CURRENT_PROJECT_VERSION = 1;
				DEVELOPMENT_ASSET_PATHS = "\"dice/Preview Content\"";
				DEVELOPMENT_TEAM = 97J7R742L4;
				ENABLE_PREVIEWS = YES;
				GENERATE_INFOPLIST_FILE = YES;
				INFOPLIST_KEY_UIApplicationSceneManifest_Generation = YES;
				INFOPLIST_KEY_UIApplicationSupportsIndirectInputEvents = YES;
				INFOPLIST_KEY_UILaunchScreen_Generation = YES;
				INFOPLIST_KEY_UISupportedInterfaceOrientations_iPad = "UIInterfaceOrientationPortrait UIInterfaceOrientationPortraitUpsideDown UIInterfaceOrientationLandscapeLeft UIInterfaceOrientationLandscapeRight";
				INFOPLIST_KEY_UISupportedInterfaceOrientations_iPhone = "UIInterfaceOrientationPortrait UIInterfaceOrientationLandscapeLeft UIInterfaceOrientationLandscapeRight";
				LD_RUNPATH_SEARCH_PATHS = (
					"$(inherited)",
					"@executable_path/Frameworks",
				);
				MARKETING_VERSION = 1.0;
				PRODUCT_BUNDLE_IDENTIFIER = com.rexanWONG.dice;
				PRODUCT_NAME = "$(TARGET_NAME)";
				SWIFT_EMIT_LOC_STRINGS = YES;
				SWIFT_VERSION = 5.0;
				TARGETED_DEVICE_FAMILY = "1,2";
			};
			name = Debug;
		};
		DC6D37C928AE16FF003EF187 /* Release */ = {
			isa = XCBuildConfiguration;
			buildSettings = {
				ASSETCATALOG_COMPILER_APPICON_NAME = AppIcon;
				ASSETCATALOG_COMPILER_GLOBAL_ACCENT_COLOR_NAME = AccentColor;
				CODE_SIGN_STYLE = Automatic;
				CURRENT_PROJECT_VERSION = 1;
				DEVELOPMENT_ASSET_PATHS = "\"dice/Preview Content\"";
				DEVELOPMENT_TEAM = 97J7R742L4;
				ENABLE_PREVIEWS = YES;
				GENERATE_INFOPLIST_FILE = YES;
				INFOPLIST_KEY_UIApplicationSceneManifest_Generation = YES;
				INFOPLIST_KEY_UIApplicationSupportsIndirectInputEvents = YES;
				INFOPLIST_KEY_UILaunchScreen_Generation = YES;
				INFOPLIST_KEY_UISupportedInterfaceOrientations_iPad = "UIInterfaceOrientationPortrait UIInterfaceOrientationPortraitUpsideDown UIInterfaceOrientationLandscapeLeft UIInterfaceOrientationLandscapeRight";
				INFOPLIST_KEY_UISupportedInterfaceOrientations_iPhone = "UIInterfaceOrientationPortrait UIInterfaceOrientationLandscapeLeft UIInterfaceOrientationLandscapeRight";
				LD_RUNPATH_SEARCH_PATHS = (
					"$(inherited)",
					"@executable_path/Frameworks",
				);
				MARKETING_VERSION = 1.0;
				PRODUCT_BUNDLE_IDENTIFIER = com.rexanWONG.dice;
				PRODUCT_NAME = "$(TARGET_NAME)";
				SWIFT_EMIT_LOC_STRINGS = YES;
				SWIFT_VERSION = 5.0;
				TARGETED_DEVICE_FAMILY = "1,2";
			};
			name = Release;
		};
		DC6D37CB28AE16FF003EF187 /* Debug */ = {
			isa = XCBuildConfiguration;
			buildSettings = {
				ALWAYS_EMBED_SWIFT_STANDARD_LIBRARIES = YES;
				BUNDLE_LOADER = "$(TEST_HOST)";
				CODE_SIGN_STYLE = Automatic;
				CURRENT_PROJECT_VERSION = 1;
				DEVELOPMENT_TEAM = 97J7R742L4;
				GENERATE_INFOPLIST_FILE = YES;
				IPHONEOS_DEPLOYMENT_TARGET = 15.5;
				MARKETING_VERSION = 1.0;
				PRODUCT_BUNDLE_IDENTIFIER = com.rexanWONG.diceTests;
				PRODUCT_NAME = "$(TARGET_NAME)";
				SWIFT_EMIT_LOC_STRINGS = NO;
				SWIFT_VERSION = 5.0;
				TARGETED_DEVICE_FAMILY = "1,2";
				TEST_HOST = "$(BUILT_PRODUCTS_DIR)/dice.app/dice";
			};
			name = Debug;
		};
		DC6D37CC28AE16FF003EF187 /* Release */ = {
			isa = XCBuildConfiguration;
			buildSettings = {
				ALWAYS_EMBED_SWIFT_STANDARD_LIBRARIES = YES;
				BUNDLE_LOADER = "$(TEST_HOST)";
				CODE_SIGN_STYLE = Automatic;
				CURRENT_PROJECT_VERSION = 1;
				DEVELOPMENT_TEAM = 97J7R742L4;
				GENERATE_INFOPLIST_FILE = YES;
				IPHONEOS_DEPLOYMENT_TARGET = 15.5;
				MARKETING_VERSION = 1.0;
				PRODUCT_BUNDLE_IDENTIFIER = com.rexanWONG.diceTests;
				PRODUCT_NAME = "$(TARGET_NAME)";
				SWIFT_EMIT_LOC_STRINGS = NO;
				SWIFT_VERSION = 5.0;
				TARGETED_DEVICE_FAMILY = "1,2";
				TEST_HOST = "$(BUILT_PRODUCTS_DIR)/dice.app/dice";
			};
			name = Release;
		};
		DC6D37CE28AE16FF003EF187 /* Debug */ = {
			isa = XCBuildConfiguration;
			buildSettings = {
				ALWAYS_EMBED_SWIFT_STANDARD_LIBRARIES = YES;
				CODE_SIGN_STYLE = Automatic;
				CURRENT_PROJECT_VERSION = 1;
				DEVELOPMENT_TEAM = 97J7R742L4;
				GENERATE_INFOPLIST_FILE = YES;
				MARKETING_VERSION = 1.0;
				PRODUCT_BUNDLE_IDENTIFIER = com.rexanWONG.diceUITests;
				PRODUCT_NAME = "$(TARGET_NAME)";
				SWIFT_EMIT_LOC_STRINGS = NO;
				SWIFT_VERSION = 5.0;
				TARGETED_DEVICE_FAMILY = "1,2";
				TEST_TARGET_NAME = dice;
			};
			name = Debug;
		};
		DC6D37CF28AE16FF003EF187 /* Release */ = {
			isa = XCBuildConfiguration;
			buildSettings = {
				ALWAYS_EMBED_SWIFT_STANDARD_LIBRARIES = YES;
				CODE_SIGN_STYLE = Automatic;
				CURRENT_PROJECT_VERSION = 1;
				DEVELOPMENT_TEAM = 97J7R742L4;
				GENERATE_INFOPLIST_FILE = YES;
				MARKETING_VERSION = 1.0;
				PRODUCT_BUNDLE_IDENTIFIER = com.rexanWONG.diceUITests;
				PRODUCT_NAME = "$(TARGET_NAME)";
				SWIFT_EMIT_LOC_STRINGS = NO;
				SWIFT_VERSION = 5.0;
				TARGETED_DEVICE_FAMILY = "1,2";
				TEST_TARGET_NAME = dice;
			};
			name = Release;
		};
/* End XCBuildConfiguration section */

/* Begin XCConfigurationList section */
		DC6D379E28AE16F9003EF187 /* Build configuration list for PBXProject "dice" */ = {
			isa = XCConfigurationList;
			buildConfigurations = (
				DC6D37C528AE16FE003EF187 /* Debug */,
				DC6D37C628AE16FE003EF187 /* Release */,
			);
			defaultConfigurationIsVisible = 0;
			defaultConfigurationName = Release;
		};
		DC6D37C728AE16FF003EF187 /* Build configuration list for PBXNativeTarget "dice" */ = {
			isa = XCConfigurationList;
			buildConfigurations = (
				DC6D37C828AE16FF003EF187 /* Debug */,
				DC6D37C928AE16FF003EF187 /* Release */,
			);
			defaultConfigurationIsVisible = 0;
			defaultConfigurationName = Release;
		};
		DC6D37CA28AE16FF003EF187 /* Build configuration list for PBXNativeTarget "diceTests" */ = {
			isa = XCConfigurationList;
			buildConfigurations = (
				DC6D37CB28AE16FF003EF187 /* Debug */,
				DC6D37CC28AE16FF003EF187 /* Release */,
			);
			defaultConfigurationIsVisible = 0;
			defaultConfigurationName = Release;
		};
		DC6D37CD28AE16FF003EF187 /* Build configuration list for PBXNativeTarget "diceUITests" */ = {
			isa = XCConfigurationList;
			buildConfigurations = (
				DC6D37CE28AE16FF003EF187 /* Debug */,
				DC6D37CF28AE16FF003EF187 /* Release */,
			);
			defaultConfigurationIsVisible = 0;
			defaultConfigurationName = Release;
		};
/* End XCConfigurationList section */
	};
	rootObject = DC6D379B28AE16F9003EF187 /* Project object */;
}
